
Microsoft Visual Studio Solution File, Format Version 12.00
# Visual Studio 14
VisualStudioVersion = 14.0.25420.1
MinimumVisualStudioVersion = 10.0.40219.1
Project("{FAE04EC0-301F-11D3-BF4B-00C04F79EFBC}") = "EStudentGradeBook_PL", "EStudentGradeBook_PL\EStudentGradeBook_PL.csproj", "{BE07207A-D430-4F91-B06D-E7CDC4F0130C}"
EndProject
Project("{FAE04EC0-301F-11D3-BF4B-00C04F79EFBC}") = "EStudentGradeBook_BLL", "EStudentGradeBook_BLL\EStudentGradeBook_BLL.csproj", "{FFB704FF-0B41-471D-9B1B-B141D7BA1CBD}"
EndProject
Project("{FAE04EC0-301F-11D3-BF4B-00C04F79EFBC}") = "EStudentGradeBook_DAL", "EStudentGradeBook_DAL\EStudentGradeBook_DAL.csproj", "{9A44B3AE-BE82-4692-B426-F47E46A4BF2F}"
EndProject
Project("{2150E333-8FDC-42A3-9474-1A3956D46DE8}") = "Tests", "Tests", "{211916D0-32E0-4E65-92C0-969EDCF63B4F}"
EndProject
Project("{FAE04EC0-301F-11D3-BF4B-00C04F79EFBC}") = "EStudentGradeBook_BLL_Test", "EStudentGradeBook_BLL_Test\EStudentGradeBook_BLL_Test.csproj", "{BE878DC7-E9D4-41CE-8F87-7641732A26D8}"
EndProject
Project("{FAE04EC0-301F-11D3-BF4B-00C04F79EFBC}") = "EStudentGradeBook_DAL_Test", "EStudentGradeBook_DAL_Test\EStudentGradeBook_DAL_Test.csproj", "{D8D6223A-813C-41AA-86C8-5FB2428B0DBE}"
EndProject
Global
	GlobalSection(SolutionConfigurationPlatforms) = preSolution
		Debug|Any CPU = Debug|Any CPU
		Release|Any CPU = Release|Any CPU
	EndGlobalSection
	GlobalSection(ProjectConfigurationPlatforms) = postSolution
		{BE07207A-D430-4F91-B06D-E7CDC4F0130C}.Debug|Any CPU.ActiveCfg = Debug|Any CPU
		{BE07207A-D430-4F91-B06D-E7CDC4F0130C}.Debug|Any CPU.Build.0 = Debug|Any CPU
		{BE07207A-D430-4F91-B06D-E7CDC4F0130C}.Release|Any CPU.ActiveCfg = Release|Any CPU
		{BE07207A-D430-4F91-B06D-E7CDC4F0130C}.Release|Any CPU.Build.0 = Release|Any CPU
		{FFB704FF-0B41-471D-9B1B-B141D7BA1CBD}.Debug|Any CPU.ActiveCfg = Debug|Any CPU
		{FFB704FF-0B41-471D-9B1B-B141D7BA1CBD}.Debug|Any CPU.Build.0 = Debug|Any CPU
		{FFB704FF-0B41-471D-9B1B-B141D7BA1CBD}.Release|Any CPU.ActiveCfg = Release|Any CPU
		{FFB704FF-0B41-471D-9B1B-B141D7BA1CBD}.Release|Any CPU.Build.0 = Release|Any CPU
		{9A44B3AE-BE82-4692-B426-F47E46A4BF2F}.Debug|Any CPU.ActiveCfg = Debug|Any CPU
		{9A44B3AE-BE82-4692-B426-F47E46A4BF2F}.Debug|Any CPU.Build.0 = Debug|Any CPU
		{9A44B3AE-BE82-4692-B426-F47E46A4BF2F}.Release|Any CPU.ActiveCfg = Release|Any CPU
		{9A44B3AE-BE82-4692-B426-F47E46A4BF2F}.Release|Any CPU.Build.0 = Release|Any CPU
		{BE878DC7-E9D4-41CE-8F87-7641732A26D8}.Debug|Any CPU.ActiveCfg = Debug|Any CPU
		{BE878DC7-E9D4-41CE-8F87-7641732A26D8}.Debug|Any CPU.Build.0 = Debug|Any CPU
		{BE878DC7-E9D4-41CE-8F87-7641732A26D8}.Release|Any CPU.ActiveCfg = Release|Any CPU
		{BE878DC7-E9D4-41CE-8F87-7641732A26D8}.Release|Any CPU.Build.0 = Release|Any CPU
		{D8D6223A-813C-41AA-86C8-5FB2428B0DBE}.Debug|Any CPU.ActiveCfg = Debug|Any CPU
		{D8D6223A-813C-41AA-86C8-5FB2428B0DBE}.Debug|Any CPU.Build.0 = Debug|Any CPU
		{D8D6223A-813C-41AA-86C8-5FB2428B0DBE}.Release|Any CPU.ActiveCfg = Release|Any CPU
		{D8D6223A-813C-41AA-86C8-5FB2428B0DBE}.Release|Any CPU.Build.0 = Release|Any CPU
	EndGlobalSection
	GlobalSection(SolutionProperties) = preSolution
		HideSolutionNode = FALSE
	EndGlobalSection
	GlobalSection(NestedProjects) = preSolution
		{BE878DC7-E9D4-41CE-8F87-7641732A26D8} = {211916D0-32E0-4E65-92C0-969EDCF63B4F}
		{D8D6223A-813C-41AA-86C8-5FB2428B0DBE} = {211916D0-32E0-4E65-92C0-969EDCF63B4F}
	EndGlobalSection
EndGlobal
